
Microsoft Visual Studio Solution File, Format Version 12.00
# Visual Studio 15
Project("{FAE04EC0-301F-11D3-BF4B-00C04F79EFBC}") = "Yngdieng.Indexer", "Yngdieng.Indexer.csproj", "{CC8106B3-C1E9-4462-A0F6-35624E212B4C}"
EndProject
Global
	GlobalSection(SolutionConfigurationPlatforms) = preSolution
		Debug|Any CPU = Debug|Any CPU
		Release|Any CPU = Release|Any CPU
	EndGlobalSection
	GlobalSection(ProjectConfigurationPlatforms) = postSolution
		{CC8106B3-C1E9-4462-A0F6-35624E212B4C}.Debug|Any CPU.ActiveCfg = Debug|Any CPU
		{CC8106B3-C1E9-4462-A0F6-35624E212B4C}.Debug|Any CPU.Build.0 = Debug|Any CPU
		{CC8106B3-C1E9-4462-A0F6-35624E212B4C}.Release|Any CPU.ActiveCfg = Release|Any CPU
		{CC8106B3-C1E9-4462-A0F6-35624E212B4C}.Release|Any CPU.Build.0 = Release|Any CPU
	EndGlobalSection
EndGlobal
